// !$*UTF8*$!
{
	archiveVersion = 1;
	classes = {
	};
	objectVersion = 46;
	objects = {

/* Begin PBXBuildFile section */
		5DC921001AF7038300A730D0 /* main.cpp in Sources */ = {isa = PBXBuildFile; fileRef = 5DC920FF1AF7038300A730D0 /* main.cpp */; };
		5DC921081AF7040B00A730D0 /* calculate.cpp in Sources */ = {isa = PBXBuildFile; fileRef = 5DC921071AF7040B00A730D0 /* calculate.cpp */; };
		5DC9210C1AF7063E00A730D0 /* libopencv_core.2.4.8.dylib in Frameworks */ = {isa = PBXBuildFile; fileRef = 5DC921091AF7063E00A730D0 /* libopencv_core.2.4.8.dylib */; };
		5DC9210D1AF7063E00A730D0 /* libopencv_highgui.2.4.8.dylib in Frameworks */ = {isa = PBXBuildFile; fileRef = 5DC9210A1AF7063E00A730D0 /* libopencv_highgui.2.4.8.dylib */; };
		5DC9210E1AF7063E00A730D0 /* libopencv_imgproc.2.4.8.dylib in Frameworks */ = {isa = PBXBuildFile; fileRef = 5DC9210B1AF7063E00A730D0 /* libopencv_imgproc.2.4.8.dylib */; };
/* End PBXBuildFile section */

/* Begin PBXCopyFilesBuildPhase section */
		5DC920FA1AF7038300A730D0 /* CopyFiles */ = {
			isa = PBXCopyFilesBuildPhase;
			buildActionMask = 2147483647;
			dstPath = /usr/share/man/man1/;
			dstSubfolderSpec = 0;
			files = (
			);
			runOnlyForDeploymentPostprocessing = 1;
		};
/* End PBXCopyFilesBuildPhase section */

/* Begin PBXFileReference section */
		5DC920FC1AF7038300A730D0 /* Identify */ = {isa = PBXFileReference; explicitFileType = "compiled.mach-o.executable"; includeInIndex = 0; path = Identify; sourceTree = BUILT_PRODUCTS_DIR; };
		5DC920FF1AF7038300A730D0 /* main.cpp */ = {isa = PBXFileReference; lastKnownFileType = sourcecode.cpp.cpp; path = main.cpp; sourceTree = "<group>"; };
		5DC921061AF703C600A730D0 /* calculate.h */ = {isa = PBXFileReference; lastKnownFileType = sourcecode.c.h; path = calculate.h; sourceTree = "<group>"; };
		5DC921071AF7040B00A730D0 /* calculate.cpp */ = {isa = PBXFileReference; fileEncoding = 4; lastKnownFileType = sourcecode.cpp.cpp; path = calculate.cpp; sourceTree = "<group>"; };
		5DC921091AF7063E00A730D0 /* libopencv_core.2.4.8.dylib */ = {isa = PBXFileReference; lastKnownFileType = "compiled.mach-o.dylib"; name = libopencv_core.2.4.8.dylib; path = ../../../../usr/local/Cellar/opencv/2.4.8.2/lib/libopencv_core.2.4.8.dylib; sourceTree = "<group>"; };
		5DC9210A1AF7063E00A730D0 /* libopencv_highgui.2.4.8.dylib */ = {isa = PBXFileReference; lastKnownFileType = "compiled.mach-o.dylib"; name = libopencv_highgui.2.4.8.dylib; path = ../../../../usr/local/Cellar/opencv/2.4.8.2/lib/libopencv_highgui.2.4.8.dylib; sourceTree = "<group>"; };
		5DC9210B1AF7063E00A730D0 /* libopencv_imgproc.2.4.8.dylib */ = {isa = PBXFileReference; lastKnownFileType = "compiled.mach-o.dylib"; name = libopencv_imgproc.2.4.8.dylib; path = ../../../../usr/local/Cellar/opencv/2.4.8.2/lib/libopencv_imgproc.2.4.8.dylib; sourceTree = "<group>"; };
/* End PBXFileReference section */

/* Begin PBXFrameworksBuildPhase section */
		5DC920F91AF7038300A730D0 /* Frameworks */ = {
			isa = PBXFrameworksBuildPhase;
			buildActionMask = 2147483647;
			files = (
				5DC9210C1AF7063E00A730D0 /* libopencv_core.2.4.8.dylib in Frameworks */,
				5DC9210D1AF7063E00A730D0 /* libopencv_highgui.2.4.8.dylib in Frameworks */,
				5DC9210E1AF7063E00A730D0 /* libopencv_imgproc.2.4.8.dylib in Frameworks */,
			);
			runOnlyForDeploymentPostprocessing = 0;
		};
/* End PBXFrameworksBuildPhase section */

/* Begin PBXGroup section */
		5DC920F31AF7038300A730D0 = {
			isa = PBXGroup;
			children = (
				5DC921091AF7063E00A730D0 /* libopencv_core.2.4.8.dylib */,
				5DC9210A1AF7063E00A730D0 /* libopencv_highgui.2.4.8.dylib */,
				5DC9210B1AF7063E00A730D0 /* libopencv_imgproc.2.4.8.dylib */,
				5DC920FE1AF7038300A730D0 /* Identify */,
				5DC920FD1AF7038300A730D0 /* Products */,
			);
			sourceTree = "<group>";
		};
		5DC920FD1AF7038300A730D0 /* Products */ = {
			isa = PBXGroup;
			children = (
				5DC920FC1AF7038300A730D0 /* Identify */,
			);
			name = Products;
			sourceTree = "<group>";
		};
		5DC920FE1AF7038300A730D0 /* Identify */ = {
			isa = PBXGroup;
			children = (
				5DC920FF1AF7038300A730D0 /* main.cpp */,
				5DC921061AF703C600A730D0 /* calculate.h */,
				5DC921071AF7040B00A730D0 /* calculate.cpp */,
			);
			path = Identify;
			sourceTree = "<group>";
		};
/* End PBXGroup section */

/* Begin PBXNativeTarget section */
		5DC920FB1AF7038300A730D0 /* Identify */ = {
			isa = PBXNativeTarget;
			buildConfigurationList = 5DC921031AF7038300A730D0 /* Build configuration list for PBXNativeTarget "Identify" */;
			buildPhases = (
				5DC920F81AF7038300A730D0 /* Sources */,
				5DC920F91AF7038300A730D0 /* Frameworks */,
				5DC920FA1AF7038300A730D0 /* CopyFiles */,
			);
			buildRules = (
			);
			dependencies = (
			);
			name = Identify;
			productName = Identify;
			productReference = 5DC920FC1AF7038300A730D0 /* Identify */;
			productType = "com.apple.product-type.tool";
		};
/* End PBXNativeTarget section */

/* Begin PBXProject section */
		5DC920F41AF7038300A730D0 /* Project object */ = {
			isa = PBXProject;
			attributes = {
				LastUpgradeCheck = 0630;
				ORGANIZATIONNAME = SHU;
				TargetAttributes = {
					5DC920FB1AF7038300A730D0 = {
						CreatedOnToolsVersion = 6.3;
					};
				};
			};
			buildConfigurationList = 5DC920F71AF7038300A730D0 /* Build configuration list for PBXProject "Identify" */;
			compatibilityVersion = "Xcode 3.2";
			developmentRegion = English;
			hasScannedForEncodings = 0;
			knownRegions = (
				en,
			);
			mainGroup = 5DC920F31AF7038300A730D0;
			productRefGroup = 5DC920FD1AF7038300A730D0 /* Products */;
			projectDirPath = "";
			projectRoot = "";
			targets = (
				5DC920FB1AF7038300A730D0 /* Identify */,
			);
		};
/* End PBXProject section */

/* Begin PBXSourcesBuildPhase section */
		5DC920F81AF7038300A730D0 /* Sources */ = {
			isa = PBXSourcesBuildPhase;
			buildActionMask = 2147483647;
			files = (
				5DC921081AF7040B00A730D0 /* calculate.cpp in Sources */,
				5DC921001AF7038300A730D0 /* main.cpp in Sources */,
			);
			runOnlyForDeploymentPostprocessing = 0;
		};
/* End PBXSourcesBuildPhase section */

/* Begin XCBuildConfiguration section */
		5DC921011AF7038300A730D0 /* Debug */ = {
			isa = XCBuildConfiguration;
			buildSettings = {
				ALWAYS_SEARCH_USER_PATHS = NO;
				CLANG_CXX_LANGUAGE_STANDARD = "gnu++0x";
				CLANG_CXX_LIBRARY = "libc++";
				CLANG_ENABLE_MODULES = YES;
				CLANG_ENABLE_OBJC_ARC = YES;
				CLANG_WARN_BOOL_CONVERSION = YES;
				CLANG_WARN_CONSTANT_CONVERSION = YES;
				CLANG_WARN_DIRECT_OBJC_ISA_USAGE = YES_ERROR;
				CLANG_WARN_EMPTY_BODY = YES;
				CLANG_WARN_ENUM_CONVERSION = YES;
				CLANG_WARN_INT_CONVERSION = YES;
				CLANG_WARN_OBJC_ROOT_CLASS = YES_ERROR;
				CLANG_WARN_UNREACHABLE_CODE = YES;
				CLANG_WARN__DUPLICATE_METHOD_MATCH = YES;
				COPY_PHASE_STRIP = NO;
				DEBUG_INFORMATION_FORMAT = dwarf;
				ENABLE_STRICT_OBJC_MSGSEND = YES;
				GCC_C_LANGUAGE_STANDARD = gnu99;
				GCC_DYNAMIC_NO_PIC = NO;
				GCC_NO_COMMON_BLOCKS = YES;
				GCC_OPTIMIZATION_LEVEL = 0;
				GCC_PREPROCESSOR_DEFINITIONS = (
					"DEBUG=1",
					"$(inherited)",
				);
				GCC_SYMBOLS_PRIVATE_EXTERN = NO;
				GCC_WARN_64_TO_32_BIT_CONVERSION = YES;
				GCC_WARN_ABOUT_RETURN_TYPE = YES_ERROR;
				GCC_WARN_UNDECLARED_SELECTOR = YES;
				GCC_WARN_UNINITIALIZED_AUTOS = YES_AGGRESSIVE;
				GCC_WARN_UNUSED_FUNCTION = YES;
				GCC_WARN_UNUSED_VARIABLE = YES;
				MACOSX_DEPLOYMENT_TARGET = 10.10;
				MTL_ENABLE_DEBUG_INFO = YES;
				ONLY_ACTIVE_ARCH = YES;
				SDKROOT = macosx;
			};
			name = Debug;
		};
		5DC921021AF7038300A730D0 /* Release */ = {
			isa = XCBuildConfiguration;
			buildSettings = {
				ALWAYS_SEARCH_USER_PATHS = NO;
				CLANG_CXX_LANGUAGE_STANDARD = "gnu++0x";
				CLANG_CXX_LIBRARY = "libc++";
				CLANG_ENABLE_MODULES = YES;
				CLANG_ENABLE_OBJC_ARC = YES;
				CLANG_WARN_BOOL_CONVERSION = YES;
				CLANG_WARN_CONSTANT_CONVERSION = YES;
				CLANG_WARN_DIRECT_OBJC_ISA_USAGE = YES_ERROR;
				CLANG_WARN_EMPTY_BODY = YES;
				CLANG_WARN_ENUM_CONVERSION = YES;
				CLANG_WARN_INT_CONVERSION = YES;
				CLANG_WARN_OBJC_ROOT_CLASS = YES_ERROR;
				CLANG_WARN_UNREACHABLE_CODE = YES;
				CLANG_WARN__DUPLICATE_METHOD_MATCH = YES;
				COPY_PHASE_STRIP = NO;
				DEBUG_INFORMATION_FORMAT = "dwarf-with-dsym";
				ENABLE_NS_ASSERTIONS = NO;
				ENABLE_STRICT_OBJC_MSGSEND = YES;
				GCC_C_LANGUAGE_STANDARD = gnu99;
				GCC_NO_COMMON_BLOCKS = YES;
				GCC_WARN_64_TO_32_BIT_CONVERSION = YES;
				GCC_WARN_ABOUT_RETURN_TYPE = YES_ERROR;
				GCC_WARN_UNDECLARED_SELECTOR = YES;
				GCC_WARN_UNINITIALIZED_AUTOS = YES_AGGRESSIVE;
				GCC_WARN_UNUSED_FUNCTION = YES;
				GCC_WARN_UNUSED_VARIABLE = YES;
				MACOSX_DEPLOYMENT_TARGET = 10.10;
				MTL_ENABLE_DEBUG_INFO = NO;
				SDKROOT = macosx;
			};
			name = Release;
		};
		5DC921041AF7038300A730D0 /* Debug */ = {
			isa = XCBuildConfiguration;
			buildSettings = {
				HEADER_SEARCH_PATHS = /usr/local/include;
				LIBRARY_SEARCH_PATHS = (
					/usr/local/lib,
					/usr/local/Cellar/opencv/2.4.8.2/lib,
				);
				PRODUCT_NAME = "$(TARGET_NAME)";
			};
			name = Debug;
		};
		5DC921051AF7038300A730D0 /* Release */ = {
			isa = XCBuildConfiguration;
			buildSettings = {
				HEADER_SEARCH_PATHS = /usr/local/include;
				LIBRARY_SEARCH_PATHS = (
					/usr/local/lib,
					/usr/local/Cellar/opencv/2.4.8.2/lib,
				);
				PRODUCT_NAME = "$(TARGET_NAME)";
			};
			name = Release;
		};
/* End XCBuildConfiguration section */

/* Begin XCConfigurationList section */
		5DC920F71AF7038300A730D0 /* Build configuration list for PBXProject "Identify" */ = {
			isa = XCConfigurationList;
			buildConfigurations = (
				5DC921011AF7038300A730D0 /* Debug */,
				5DC921021AF7038300A730D0 /* Release */,
			);
			defaultConfigurationIsVisible = 0;
			defaultConfigurationName = Release;
		};
		5DC921031AF7038300A730D0 /* Build configuration list for PBXNativeTarget "Identify" */ = {
			isa = XCConfigurationList;
			buildConfigurations = (
				5DC921041AF7038300A730D0 /* Debug */,
				5DC921051AF7038300A730D0 /* Release */,
			);
			defaultConfigurationIsVisible = 0;
		};
/* End XCConfigurationList section */
	};
	rootObject = 5DC920F41AF7038300A730D0 /* Project object */;
}
