// !$*UTF8*$!
{
	archiveVersion = 1;
	classes = {
	};
	objectVersion = 46;
	objects = {

/* Begin PBXBuildFile section */
		5DC9D3151AF7236B006C6514 /* main.cpp in Sources */ = {isa = PBXBuildFile; fileRef = 5DC9D3141AF7236B006C6514 /* main.cpp */; };
		5DC9D31D1AF723BE006C6514 /* regist.cpp in Sources */ = {isa = PBXBuildFile; fileRef = 5DC9D31C1AF723BE006C6514 /* regist.cpp */; };
		5DC9D3211AF72467006C6514 /* libopencv_core.2.4.8.dylib in Frameworks */ = {isa = PBXBuildFile; fileRef = 5DC9D31E1AF72467006C6514 /* libopencv_core.2.4.8.dylib */; };
		5DC9D3221AF72467006C6514 /* libopencv_highgui.2.4.8.dylib in Frameworks */ = {isa = PBXBuildFile; fileRef = 5DC9D31F1AF72467006C6514 /* libopencv_highgui.2.4.8.dylib */; };
		5DC9D3231AF72467006C6514 /* libopencv_imgproc.2.4.8.dylib in Frameworks */ = {isa = PBXBuildFile; fileRef = 5DC9D3201AF72467006C6514 /* libopencv_imgproc.2.4.8.dylib */; };
/* End PBXBuildFile section */

/* Begin PBXCopyFilesBuildPhase section */
		5DC9D30F1AF7236B006C6514 /* CopyFiles */ = {
			isa = PBXCopyFilesBuildPhase;
			buildActionMask = 2147483647;
			dstPath = /usr/share/man/man1/;
			dstSubfolderSpec = 0;
			files = (
			);
			runOnlyForDeploymentPostprocessing = 1;
		};
/* End PBXCopyFilesBuildPhase section */

/* Begin PBXFileReference section */
		5DC9D3111AF7236B006C6514 /* Registration */ = {isa = PBXFileReference; explicitFileType = "compiled.mach-o.executable"; includeInIndex = 0; path = Registration; sourceTree = BUILT_PRODUCTS_DIR; };
		5DC9D3141AF7236B006C6514 /* main.cpp */ = {isa = PBXFileReference; lastKnownFileType = sourcecode.cpp.cpp; path = main.cpp; sourceTree = "<group>"; };
		5DC9D31B1AF723AD006C6514 /* regist.h */ = {isa = PBXFileReference; lastKnownFileType = sourcecode.c.h; path = regist.h; sourceTree = "<group>"; };
		5DC9D31C1AF723BE006C6514 /* regist.cpp */ = {isa = PBXFileReference; fileEncoding = 4; lastKnownFileType = sourcecode.cpp.cpp; path = regist.cpp; sourceTree = "<group>"; };
		5DC9D31E1AF72467006C6514 /* libopencv_core.2.4.8.dylib */ = {isa = PBXFileReference; lastKnownFileType = "compiled.mach-o.dylib"; name = libopencv_core.2.4.8.dylib; path = ../../../../usr/local/Cellar/opencv/2.4.8.2/lib/libopencv_core.2.4.8.dylib; sourceTree = "<group>"; };
		5DC9D31F1AF72467006C6514 /* libopencv_highgui.2.4.8.dylib */ = {isa = PBXFileReference; lastKnownFileType = "compiled.mach-o.dylib"; name = libopencv_highgui.2.4.8.dylib; path = ../../../../usr/local/Cellar/opencv/2.4.8.2/lib/libopencv_highgui.2.4.8.dylib; sourceTree = "<group>"; };
		5DC9D3201AF72467006C6514 /* libopencv_imgproc.2.4.8.dylib */ = {isa = PBXFileReference; lastKnownFileType = "compiled.mach-o.dylib"; name = libopencv_imgproc.2.4.8.dylib; path = ../../../../usr/local/Cellar/opencv/2.4.8.2/lib/libopencv_imgproc.2.4.8.dylib; sourceTree = "<group>"; };
/* End PBXFileReference section */

/* Begin PBXFrameworksBuildPhase section */
		5DC9D30E1AF7236B006C6514 /* Frameworks */ = {
			isa = PBXFrameworksBuildPhase;
			buildActionMask = 2147483647;
			files = (
				5DC9D3211AF72467006C6514 /* libopencv_core.2.4.8.dylib in Frameworks */,
				5DC9D3221AF72467006C6514 /* libopencv_highgui.2.4.8.dylib in Frameworks */,
				5DC9D3231AF72467006C6514 /* libopencv_imgproc.2.4.8.dylib in Frameworks */,
			);
			runOnlyForDeploymentPostprocessing = 0;
		};
/* End PBXFrameworksBuildPhase section */

/* Begin PBXGroup section */
		5DC9D3081AF7236B006C6514 = {
			isa = PBXGroup;
			children = (
				5DC9D31E1AF72467006C6514 /* libopencv_core.2.4.8.dylib */,
				5DC9D31F1AF72467006C6514 /* libopencv_highgui.2.4.8.dylib */,
				5DC9D3201AF72467006C6514 /* libopencv_imgproc.2.4.8.dylib */,
				5DC9D3131AF7236B006C6514 /* Registration */,
				5DC9D3121AF7236B006C6514 /* Products */,
			);
			sourceTree = "<group>";
		};
		5DC9D3121AF7236B006C6514 /* Products */ = {
			isa = PBXGroup;
			children = (
				5DC9D3111AF7236B006C6514 /* Registration */,
			);
			name = Products;
			sourceTree = "<group>";
		};
		5DC9D3131AF7236B006C6514 /* Registration */ = {
			isa = PBXGroup;
			children = (
				5DC9D3141AF7236B006C6514 /* main.cpp */,
				5DC9D31B1AF723AD006C6514 /* regist.h */,
				5DC9D31C1AF723BE006C6514 /* regist.cpp */,
			);
			path = Registration;
			sourceTree = "<group>";
		};
/* End PBXGroup section */

/* Begin PBXNativeTarget section */
		5DC9D3101AF7236B006C6514 /* Registration */ = {
			isa = PBXNativeTarget;
			buildConfigurationList = 5DC9D3181AF7236B006C6514 /* Build configuration list for PBXNativeTarget "Registration" */;
			buildPhases = (
				5DC9D30D1AF7236B006C6514 /* Sources */,
				5DC9D30E1AF7236B006C6514 /* Frameworks */,
				5DC9D30F1AF7236B006C6514 /* CopyFiles */,
			);
			buildRules = (
			);
			dependencies = (
			);
			name = Registration;
			productName = Registration;
			productReference = 5DC9D3111AF7236B006C6514 /* Registration */;
			productType = "com.apple.product-type.tool";
		};
/* End PBXNativeTarget section */

/* Begin PBXProject section */
		5DC9D3091AF7236B006C6514 /* Project object */ = {
			isa = PBXProject;
			attributes = {
				LastUpgradeCheck = 0630;
				ORGANIZATIONNAME = SHU;
				TargetAttributes = {
					5DC9D3101AF7236B006C6514 = {
						CreatedOnToolsVersion = 6.3;
					};
				};
			};
			buildConfigurationList = 5DC9D30C1AF7236B006C6514 /* Build configuration list for PBXProject "Registration" */;
			compatibilityVersion = "Xcode 3.2";
			developmentRegion = English;
			hasScannedForEncodings = 0;
			knownRegions = (
				en,
			);
			mainGroup = 5DC9D3081AF7236B006C6514;
			productRefGroup = 5DC9D3121AF7236B006C6514 /* Products */;
			projectDirPath = "";
			projectRoot = "";
			targets = (
				5DC9D3101AF7236B006C6514 /* Registration */,
			);
		};
/* End PBXProject section */

/* Begin PBXSourcesBuildPhase section */
		5DC9D30D1AF7236B006C6514 /* Sources */ = {
			isa = PBXSourcesBuildPhase;
			buildActionMask = 2147483647;
			files = (
				5DC9D3151AF7236B006C6514 /* main.cpp in Sources */,
				5DC9D31D1AF723BE006C6514 /* regist.cpp in Sources */,
			);
			runOnlyForDeploymentPostprocessing = 0;
		};
/* End PBXSourcesBuildPhase section */

/* Begin XCBuildConfiguration section */
		5DC9D3161AF7236B006C6514 /* Debug */ = {
			isa = XCBuildConfiguration;
			buildSettings = {
				ALWAYS_SEARCH_USER_PATHS = NO;
				CLANG_CXX_LANGUAGE_STANDARD = "gnu++0x";
				CLANG_CXX_LIBRARY = "libc++";
				CLANG_ENABLE_MODULES = YES;
				CLANG_ENABLE_OBJC_ARC = YES;
				CLANG_WARN_BOOL_CONVERSION = YES;
				CLANG_WARN_CONSTANT_CONVERSION = YES;
				CLANG_WARN_DIRECT_OBJC_ISA_USAGE = YES_ERROR;
				CLANG_WARN_EMPTY_BODY = YES;
				CLANG_WARN_ENUM_CONVERSION = YES;
				CLANG_WARN_INT_CONVERSION = YES;
				CLANG_WARN_OBJC_ROOT_CLASS = YES_ERROR;
				CLANG_WARN_UNREACHABLE_CODE = YES;
				CLANG_WARN__DUPLICATE_METHOD_MATCH = YES;
				COPY_PHASE_STRIP = NO;
				DEBUG_INFORMATION_FORMAT = dwarf;
				ENABLE_STRICT_OBJC_MSGSEND = YES;
				GCC_C_LANGUAGE_STANDARD = gnu99;
				GCC_DYNAMIC_NO_PIC = NO;
				GCC_NO_COMMON_BLOCKS = YES;
				GCC_OPTIMIZATION_LEVEL = 0;
				GCC_PREPROCESSOR_DEFINITIONS = (
					"DEBUG=1",
					"$(inherited)",
				);
				GCC_SYMBOLS_PRIVATE_EXTERN = NO;
				GCC_WARN_64_TO_32_BIT_CONVERSION = YES;
				GCC_WARN_ABOUT_RETURN_TYPE = YES_ERROR;
				GCC_WARN_UNDECLARED_SELECTOR = YES;
				GCC_WARN_UNINITIALIZED_AUTOS = YES_AGGRESSIVE;
				GCC_WARN_UNUSED_FUNCTION = YES;
				GCC_WARN_UNUSED_VARIABLE = YES;
				MACOSX_DEPLOYMENT_TARGET = 10.10;
				MTL_ENABLE_DEBUG_INFO = YES;
				ONLY_ACTIVE_ARCH = YES;
				SDKROOT = macosx;
			};
			name = Debug;
		};
		5DC9D3171AF7236B006C6514 /* Release */ = {
			isa = XCBuildConfiguration;
			buildSettings = {
				ALWAYS_SEARCH_USER_PATHS = NO;
				CLANG_CXX_LANGUAGE_STANDARD = "gnu++0x";
				CLANG_CXX_LIBRARY = "libc++";
				CLANG_ENABLE_MODULES = YES;
				CLANG_ENABLE_OBJC_ARC = YES;
				CLANG_WARN_BOOL_CONVERSION = YES;
				CLANG_WARN_CONSTANT_CONVERSION = YES;
				CLANG_WARN_DIRECT_OBJC_ISA_USAGE = YES_ERROR;
				CLANG_WARN_EMPTY_BODY = YES;
				CLANG_WARN_ENUM_CONVERSION = YES;
				CLANG_WARN_INT_CONVERSION = YES;
				CLANG_WARN_OBJC_ROOT_CLASS = YES_ERROR;
				CLANG_WARN_UNREACHABLE_CODE = YES;
				CLANG_WARN__DUPLICATE_METHOD_MATCH = YES;
				COPY_PHASE_STRIP = NO;
				DEBUG_INFORMATION_FORMAT = "dwarf-with-dsym";
				ENABLE_NS_ASSERTIONS = NO;
				ENABLE_STRICT_OBJC_MSGSEND = YES;
				GCC_C_LANGUAGE_STANDARD = gnu99;
				GCC_NO_COMMON_BLOCKS = YES;
				GCC_WARN_64_TO_32_BIT_CONVERSION = YES;
				GCC_WARN_ABOUT_RETURN_TYPE = YES_ERROR;
				GCC_WARN_UNDECLARED_SELECTOR = YES;
				GCC_WARN_UNINITIALIZED_AUTOS = YES_AGGRESSIVE;
				GCC_WARN_UNUSED_FUNCTION = YES;
				GCC_WARN_UNUSED_VARIABLE = YES;
				MACOSX_DEPLOYMENT_TARGET = 10.10;
				MTL_ENABLE_DEBUG_INFO = NO;
				SDKROOT = macosx;
			};
			name = Release;
		};
		5DC9D3191AF7236B006C6514 /* Debug */ = {
			isa = XCBuildConfiguration;
			buildSettings = {
				HEADER_SEARCH_PATHS = /usr/local/include;
				LIBRARY_SEARCH_PATHS = (
					/usr/local/lib,
					/usr/local/Cellar/opencv/2.4.8.2/lib,
				);
				PRODUCT_NAME = "$(TARGET_NAME)";
			};
			name = Debug;
		};
		5DC9D31A1AF7236B006C6514 /* Release */ = {
			isa = XCBuildConfiguration;
			buildSettings = {
				HEADER_SEARCH_PATHS = /usr/local/include;
				LIBRARY_SEARCH_PATHS = (
					/usr/local/lib,
					/usr/local/Cellar/opencv/2.4.8.2/lib,
				);
				PRODUCT_NAME = "$(TARGET_NAME)";
			};
			name = Release;
		};
/* End XCBuildConfiguration section */

/* Begin XCConfigurationList section */
		5DC9D30C1AF7236B006C6514 /* Build configuration list for PBXProject "Registration" */ = {
			isa = XCConfigurationList;
			buildConfigurations = (
				5DC9D3161AF7236B006C6514 /* Debug */,
				5DC9D3171AF7236B006C6514 /* Release */,
			);
			defaultConfigurationIsVisible = 0;
			defaultConfigurationName = Release;
		};
		5DC9D3181AF7236B006C6514 /* Build configuration list for PBXNativeTarget "Registration" */ = {
			isa = XCConfigurationList;
			buildConfigurations = (
				5DC9D3191AF7236B006C6514 /* Debug */,
				5DC9D31A1AF7236B006C6514 /* Release */,
			);
			defaultConfigurationIsVisible = 0;
		};
/* End XCConfigurationList section */
	};
	rootObject = 5DC9D3091AF7236B006C6514 /* Project object */;
}
